// !$*UTF8*$!
{
	archiveVersion = 1;
	classes = {
	};
	objectVersion = 50;
	objects = {

/* Begin PBXBuildFile section */
		54745A3C2219906C00919750 /* AppDelegate.swift in Sources */ = {isa = PBXBuildFile; fileRef = 54745A3B2219906C00919750 /* AppDelegate.swift */; };
		54745A3E2219906C00919750 /* ViewController.swift in Sources */ = {isa = PBXBuildFile; fileRef = 54745A3D2219906C00919750 /* ViewController.swift */; };
		54745A412219906C00919750 /* Main.storyboard in Resources */ = {isa = PBXBuildFile; fileRef = 54745A3F2219906C00919750 /* Main.storyboard */; };
		54745A432219907300919750 /* Assets.xcassets in Resources */ = {isa = PBXBuildFile; fileRef = 54745A422219907300919750 /* Assets.xcassets */; };
		54745A462219907300919750 /* LaunchScreen.storyboard in Resources */ = {isa = PBXBuildFile; fileRef = 54745A442219907300919750 /* LaunchScreen.storyboard */; };
		54745A4E221990EE00919750 /* MainViewController.swift in Sources */ = {isa = PBXBuildFile; fileRef = 54745A4D221990EE00919750 /* MainViewController.swift */; };
		54745A502219943900919750 /* MainViewCell.xib in Resources */ = {isa = PBXBuildFile; fileRef = 54745A4F2219943900919750 /* MainViewCell.xib */; };
		54745A52221994A600919750 /* MainViewCell.swift in Sources */ = {isa = PBXBuildFile; fileRef = 54745A51221994A600919750 /* MainViewCell.swift */; };
		54745A542219964B00919750 /* AlgorithmViewController.swift in Sources */ = {isa = PBXBuildFile; fileRef = 54745A532219964B00919750 /* AlgorithmViewController.swift */; };
		54745A5622199A2100919750 /* AlgorithmDataSource.swift in Sources */ = {isa = PBXBuildFile; fileRef = 54745A5522199A2100919750 /* AlgorithmDataSource.swift */; };
		54745A5822199CC600919750 /* AlgorithmType.swift in Sources */ = {isa = PBXBuildFile; fileRef = 54745A5722199CC600919750 /* AlgorithmType.swift */; };
		54745A5A22199E2B00919750 /* AlgorithmAnimation.swift in Sources */ = {isa = PBXBuildFile; fileRef = 54745A5922199E2B00919750 /* AlgorithmAnimation.swift */; };
		54745A5C22199F6500919750 /* SortingItem.swift in Sources */ = {isa = PBXBuildFile; fileRef = 54745A5B22199F6500919750 /* SortingItem.swift */; };
		54745A5E2219A8F500919750 /* AlgorithmView.swift in Sources */ = {isa = PBXBuildFile; fileRef = 54745A5D2219A8F500919750 /* AlgorithmView.swift */; };
		54745A602219C04E00919750 /* AlgorithmCell.swift in Sources */ = {isa = PBXBuildFile; fileRef = 54745A5F2219C04E00919750 /* AlgorithmCell.swift */; };
		54745A622219C15800919750 /* AlgorithmCell.xib in Resources */ = {isa = PBXBuildFile; fileRef = 54745A612219C15800919750 /* AlgorithmCell.xib */; };
		54745A672219CA5B00919750 /* AlgorithmDelegate.swift in Sources */ = {isa = PBXBuildFile; fileRef = 54745A662219CA5B00919750 /* AlgorithmDelegate.swift */; };
		54745A692219CBA800919750 /* LargeButtonCell.swift in Sources */ = {isa = PBXBuildFile; fileRef = 54745A682219CBA800919750 /* LargeButtonCell.swift */; };
		54745A6B2219CBD400919750 /* LargeButtonCell.xib in Resources */ = {isa = PBXBuildFile; fileRef = 54745A6A2219CBD400919750 /* LargeButtonCell.xib */; };
		54745A6D2219CCD900919750 /* Pressable.swift in Sources */ = {isa = PBXBuildFile; fileRef = 54745A6C2219CCD900919750 /* Pressable.swift */; };
		54745A712219D3BF00919750 /* SortingAlgorithm.swift in Sources */ = {isa = PBXBuildFile; fileRef = 54745A702219D3BF00919750 /* SortingAlgorithm.swift */; };
/* End PBXBuildFile section */

/* Begin PBXFileReference section */
		54745A382219906C00919750 /* Algorithms.app */ = {isa = PBXFileReference; explicitFileType = wrapper.application; includeInIndex = 0; path = Algorithms.app; sourceTree = BUILT_PRODUCTS_DIR; };
		54745A3B2219906C00919750 /* AppDelegate.swift */ = {isa = PBXFileReference; lastKnownFileType = sourcecode.swift; path = AppDelegate.swift; sourceTree = "<group>"; };
		54745A3D2219906C00919750 /* ViewController.swift */ = {isa = PBXFileReference; lastKnownFileType = sourcecode.swift; path = ViewController.swift; sourceTree = "<group>"; };
		54745A402219906C00919750 /* Base */ = {isa = PBXFileReference; lastKnownFileType = file.storyboard; name = Base; path = Base.lproj/Main.storyboard; sourceTree = "<group>"; };
		54745A422219907300919750 /* Assets.xcassets */ = {isa = PBXFileReference; lastKnownFileType = folder.assetcatalog; path = Assets.xcassets; sourceTree = "<group>"; };
		54745A452219907300919750 /* Base */ = {isa = PBXFileReference; lastKnownFileType = file.storyboard; name = Base; path = Base.lproj/LaunchScreen.storyboard; sourceTree = "<group>"; };
		54745A472219907300919750 /* Info.plist */ = {isa = PBXFileReference; lastKnownFileType = text.plist.xml; path = Info.plist; sourceTree = "<group>"; };
		54745A4D221990EE00919750 /* MainViewController.swift */ = {isa = PBXFileReference; lastKnownFileType = sourcecode.swift; path = MainViewController.swift; sourceTree = "<group>"; };
		54745A4F2219943900919750 /* MainViewCell.xib */ = {isa = PBXFileReference; lastKnownFileType = file.xib; path = MainViewCell.xib; sourceTree = "<group>"; };
		54745A51221994A600919750 /* MainViewCell.swift */ = {isa = PBXFileReference; lastKnownFileType = sourcecode.swift; path = MainViewCell.swift; sourceTree = "<group>"; };
		54745A532219964B00919750 /* AlgorithmViewController.swift */ = {isa = PBXFileReference; lastKnownFileType = sourcecode.swift; path = AlgorithmViewController.swift; sourceTree = "<group>"; };
		54745A5522199A2100919750 /* AlgorithmDataSource.swift */ = {isa = PBXFileReference; lastKnownFileType = sourcecode.swift; path = AlgorithmDataSource.swift; sourceTree = "<group>"; };
		54745A5722199CC600919750 /* AlgorithmType.swift */ = {isa = PBXFileReference; lastKnownFileType = sourcecode.swift; path = AlgorithmType.swift; sourceTree = "<group>"; };
		54745A5922199E2B00919750 /* AlgorithmAnimation.swift */ = {isa = PBXFileReference; lastKnownFileType = sourcecode.swift; path = AlgorithmAnimation.swift; sourceTree = "<group>"; };
		54745A5B22199F6500919750 /* SortingItem.swift */ = {isa = PBXFileReference; lastKnownFileType = sourcecode.swift; path = SortingItem.swift; sourceTree = "<group>"; };
		54745A5D2219A8F500919750 /* AlgorithmView.swift */ = {isa = PBXFileReference; lastKnownFileType = sourcecode.swift; path = AlgorithmView.swift; sourceTree = "<group>"; };
		54745A5F2219C04E00919750 /* AlgorithmCell.swift */ = {isa = PBXFileReference; lastKnownFileType = sourcecode.swift; path = AlgorithmCell.swift; sourceTree = "<group>"; };
		54745A612219C15800919750 /* AlgorithmCell.xib */ = {isa = PBXFileReference; lastKnownFileType = file.xib; path = AlgorithmCell.xib; sourceTree = "<group>"; };
		54745A662219CA5B00919750 /* AlgorithmDelegate.swift */ = {isa = PBXFileReference; lastKnownFileType = sourcecode.swift; path = AlgorithmDelegate.swift; sourceTree = "<group>"; };
		54745A682219CBA800919750 /* LargeButtonCell.swift */ = {isa = PBXFileReference; lastKnownFileType = sourcecode.swift; path = LargeButtonCell.swift; sourceTree = "<group>"; };
		54745A6A2219CBD400919750 /* LargeButtonCell.xib */ = {isa = PBXFileReference; lastKnownFileType = file.xib; path = LargeButtonCell.xib; sourceTree = "<group>"; };
		54745A6C2219CCD900919750 /* Pressable.swift */ = {isa = PBXFileReference; lastKnownFileType = sourcecode.swift; path = Pressable.swift; sourceTree = "<group>"; };
		54745A702219D3BF00919750 /* SortingAlgorithm.swift */ = {isa = PBXFileReference; lastKnownFileType = sourcecode.swift; path = SortingAlgorithm.swift; sourceTree = "<group>"; };
/* End PBXFileReference section */

/* Begin PBXFrameworksBuildPhase section */
		54745A352219906C00919750 /* Frameworks */ = {
			isa = PBXFrameworksBuildPhase;
			buildActionMask = 2147483647;
			files = (
			);
			runOnlyForDeploymentPostprocessing = 0;
		};
/* End PBXFrameworksBuildPhase section */

/* Begin PBXGroup section */
		54745A2F2219906C00919750 = {
			isa = PBXGroup;
			children = (
				54745A3A2219906C00919750 /* Algorithms */,
				54745A392219906C00919750 /* Products */,
			);
			sourceTree = "<group>";
		};
		54745A392219906C00919750 /* Products */ = {
			isa = PBXGroup;
			children = (
				54745A382219906C00919750 /* Algorithms.app */,
			);
			name = Products;
			sourceTree = "<group>";
		};
		54745A3A2219906C00919750 /* Algorithms */ = {
			isa = PBXGroup;
			children = (
				54745A6F2219CCE700919750 /* Protocols */,
				54745A632219C5FD00919750 /* Enums */,
				54745A652219C62D00919750 /* Model */,
				54745A3B2219906C00919750 /* AppDelegate.swift */,
				54745A3D2219906C00919750 /* ViewController.swift */,
				54745A4D221990EE00919750 /* MainViewController.swift */,
				54745A4F2219943900919750 /* MainViewCell.xib */,
				54745A51221994A600919750 /* MainViewCell.swift */,
				54745A662219CA5B00919750 /* AlgorithmDelegate.swift */,
				54745A5522199A2100919750 /* AlgorithmDataSource.swift */,
				54745A532219964B00919750 /* AlgorithmViewController.swift */,
				54745A6A2219CBD400919750 /* LargeButtonCell.xib */,
				54745A682219CBA800919750 /* LargeButtonCell.swift */,
				54745A612219C15800919750 /* AlgorithmCell.xib */,
				54745A5F2219C04E00919750 /* AlgorithmCell.swift */,
				54745A5D2219A8F500919750 /* AlgorithmView.swift */,
				54745A5922199E2B00919750 /* AlgorithmAnimation.swift */,
				54745A3F2219906C00919750 /* Main.storyboard */,
				54745A422219907300919750 /* Assets.xcassets */,
				54745A442219907300919750 /* LaunchScreen.storyboard */,
				54745A472219907300919750 /* Info.plist */,
			);
			path = Algorithms;
			sourceTree = "<group>";
		};
		54745A632219C5FD00919750 /* Enums */ = {
			isa = PBXGroup;
			children = (
				54745A5722199CC600919750 /* AlgorithmType.swift */,
			);
			path = Enums;
			sourceTree = "<group>";
		};
		54745A652219C62D00919750 /* Model */ = {
			isa = PBXGroup;
			children = (
				54745A5B22199F6500919750 /* SortingItem.swift */,
				54745A702219D3BF00919750 /* SortingAlgorithm.swift */,
			);
			path = Model;
			sourceTree = "<group>";
		};
		54745A6F2219CCE700919750 /* Protocols */ = {
			isa = PBXGroup;
			children = (
				54745A6C2219CCD900919750 /* Pressable.swift */,
			);
			path = Protocols;
			sourceTree = "<group>";
		};
/* End PBXGroup section */

/* Begin PBXNativeTarget section */
		54745A372219906C00919750 /* Algorithms */ = {
			isa = PBXNativeTarget;
			buildConfigurationList = 54745A4A2219907300919750 /* Build configuration list for PBXNativeTarget "Algorithms" */;
			buildPhases = (
				54745A342219906C00919750 /* Sources */,
				54745A352219906C00919750 /* Frameworks */,
				54745A362219906C00919750 /* Resources */,
			);
			buildRules = (
			);
			dependencies = (
			);
			name = Algorithms;
			productName = Algorithms;
			productReference = 54745A382219906C00919750 /* Algorithms.app */;
			productType = "com.apple.product-type.application";
		};
/* End PBXNativeTarget section */

/* Begin PBXProject section */
		54745A302219906C00919750 /* Project object */ = {
			isa = PBXProject;
			attributes = {
				LastSwiftUpdateCheck = 1010;
				LastUpgradeCheck = 1010;
				ORGANIZATIONNAME = "Maciej Kowalski";
				TargetAttributes = {
					54745A372219906C00919750 = {
						CreatedOnToolsVersion = 10.1;
					};
				};
			};
			buildConfigurationList = 54745A332219906C00919750 /* Build configuration list for PBXProject "Algorithms" */;
			compatibilityVersion = "Xcode 9.3";
			developmentRegion = en;
			hasScannedForEncodings = 0;
			knownRegions = (
				en,
				Base,
			);
			mainGroup = 54745A2F2219906C00919750;
			productRefGroup = 54745A392219906C00919750 /* Products */;
			projectDirPath = "";
			projectRoot = "";
			targets = (
				54745A372219906C00919750 /* Algorithms */,
			);
		};
/* End PBXProject section */

/* Begin PBXResourcesBuildPhase section */
		54745A362219906C00919750 /* Resources */ = {
			isa = PBXResourcesBuildPhase;
			buildActionMask = 2147483647;
			files = (
				54745A462219907300919750 /* LaunchScreen.storyboard in Resources */,
				54745A6B2219CBD400919750 /* LargeButtonCell.xib in Resources */,
				54745A622219C15800919750 /* AlgorithmCell.xib in Resources */,
				54745A502219943900919750 /* MainViewCell.xib in Resources */,
				54745A432219907300919750 /* Assets.xcassets in Resources */,
				54745A412219906C00919750 /* Main.storyboard in Resources */,
			);
			runOnlyForDeploymentPostprocessing = 0;
		};
/* End PBXResourcesBuildPhase section */

/* Begin PBXSourcesBuildPhase section */
		54745A342219906C00919750 /* Sources */ = {
			isa = PBXSourcesBuildPhase;
			buildActionMask = 2147483647;
			files = (
				54745A672219CA5B00919750 /* AlgorithmDelegate.swift in Sources */,
				54745A5C22199F6500919750 /* SortingItem.swift in Sources */,
				54745A5622199A2100919750 /* AlgorithmDataSource.swift in Sources */,
				54745A692219CBA800919750 /* LargeButtonCell.swift in Sources */,
				54745A542219964B00919750 /* AlgorithmViewController.swift in Sources */,
				54745A5A22199E2B00919750 /* AlgorithmAnimation.swift in Sources */,
				54745A602219C04E00919750 /* AlgorithmCell.swift in Sources */,
				54745A4E221990EE00919750 /* MainViewController.swift in Sources */,
				54745A5822199CC600919750 /* AlgorithmType.swift in Sources */,
				54745A52221994A600919750 /* MainViewCell.swift in Sources */,
				54745A3E2219906C00919750 /* ViewController.swift in Sources */,
				54745A6D2219CCD900919750 /* Pressable.swift in Sources */,
				54745A5E2219A8F500919750 /* AlgorithmView.swift in Sources */,
				54745A3C2219906C00919750 /* AppDelegate.swift in Sources */,
				54745A712219D3BF00919750 /* SortingAlgorithm.swift in Sources */,
			);
			runOnlyForDeploymentPostprocessing = 0;
		};
/* End PBXSourcesBuildPhase section */

/* Begin PBXVariantGroup section */
		54745A3F2219906C00919750 /* Main.storyboard */ = {
			isa = PBXVariantGroup;
			children = (
				54745A402219906C00919750 /* Base */,
			);
			name = Main.storyboard;
			sourceTree = "<group>";
		};
		54745A442219907300919750 /* LaunchScreen.storyboard */ = {
			isa = PBXVariantGroup;
			children = (
				54745A452219907300919750 /* Base */,
			);
			name = LaunchScreen.storyboard;
			sourceTree = "<group>";
		};
/* End PBXVariantGroup section */

/* Begin XCBuildConfiguration section */
		54745A482219907300919750 /* Debug */ = {
			isa = XCBuildConfiguration;
			buildSettings = {
				ALWAYS_SEARCH_USER_PATHS = NO;
				CLANG_ANALYZER_NONNULL = YES;
				CLANG_ANALYZER_NUMBER_OBJECT_CONVERSION = YES_AGGRESSIVE;
				CLANG_CXX_LANGUAGE_STANDARD = "gnu++14";
				CLANG_CXX_LIBRARY = "libc++";
				CLANG_ENABLE_MODULES = YES;
				CLANG_ENABLE_OBJC_ARC = YES;
				CLANG_ENABLE_OBJC_WEAK = YES;
				CLANG_WARN_BLOCK_CAPTURE_AUTORELEASING = YES;
				CLANG_WARN_BOOL_CONVERSION = YES;
				CLANG_WARN_COMMA = YES;
				CLANG_WARN_CONSTANT_CONVERSION = YES;
				CLANG_WARN_DEPRECATED_OBJC_IMPLEMENTATIONS = YES;
				CLANG_WARN_DIRECT_OBJC_ISA_USAGE = YES_ERROR;
				CLANG_WARN_DOCUMENTATION_COMMENTS = YES;
				CLANG_WARN_EMPTY_BODY = YES;
				CLANG_WARN_ENUM_CONVERSION = YES;
				CLANG_WARN_INFINITE_RECURSION = YES;
				CLANG_WARN_INT_CONVERSION = YES;
				CLANG_WARN_NON_LITERAL_NULL_CONVERSION = YES;
				CLANG_WARN_OBJC_IMPLICIT_RETAIN_SELF = YES;
				CLANG_WARN_OBJC_LITERAL_CONVERSION = YES;
				CLANG_WARN_OBJC_ROOT_CLASS = YES_ERROR;
				CLANG_WARN_RANGE_LOOP_ANALYSIS = YES;
				CLANG_WARN_STRICT_PROTOTYPES = YES;
				CLANG_WARN_SUSPICIOUS_MOVE = YES;
				CLANG_WARN_UNGUARDED_AVAILABILITY = YES_AGGRESSIVE;
				CLANG_WARN_UNREACHABLE_CODE = YES;
				CLANG_WARN__DUPLICATE_METHOD_MATCH = YES;
				CODE_SIGN_IDENTITY = "iPhone Developer";
				COPY_PHASE_STRIP = NO;
				DEBUG_INFORMATION_FORMAT = dwarf;
				ENABLE_STRICT_OBJC_MSGSEND = YES;
				ENABLE_TESTABILITY = YES;
				GCC_C_LANGUAGE_STANDARD = gnu11;
				GCC_DYNAMIC_NO_PIC = NO;
				GCC_NO_COMMON_BLOCKS = YES;
				GCC_OPTIMIZATION_LEVEL = 0;
				GCC_PREPROCESSOR_DEFINITIONS = (
					"DEBUG=1",
					"$(inherited)",
				);
				GCC_WARN_64_TO_32_BIT_CONVERSION = YES;
				GCC_WARN_ABOUT_RETURN_TYPE = YES_ERROR;
				GCC_WARN_UNDECLARED_SELECTOR = YES;
				GCC_WARN_UNINITIALIZED_AUTOS = YES_AGGRESSIVE;
				GCC_WARN_UNUSED_FUNCTION = YES;
				GCC_WARN_UNUSED_VARIABLE = YES;
				IPHONEOS_DEPLOYMENT_TARGET = 12.1;
				MTL_ENABLE_DEBUG_INFO = INCLUDE_SOURCE;
				MTL_FAST_MATH = YES;
				ONLY_ACTIVE_ARCH = YES;
				SDKROOT = iphoneos;
				SWIFT_ACTIVE_COMPILATION_CONDITIONS = DEBUG;
				SWIFT_OPTIMIZATION_LEVEL = "-Onone";
			};
			name = Debug;
		};
		54745A492219907300919750 /* Release */ = {
			isa = XCBuildConfiguration;
			buildSettings = {
				ALWAYS_SEARCH_USER_PATHS = NO;
				CLANG_ANALYZER_NONNULL = YES;
				CLANG_ANALYZER_NUMBER_OBJECT_CONVERSION = YES_AGGRESSIVE;
				CLANG_CXX_LANGUAGE_STANDARD = "gnu++14";
				CLANG_CXX_LIBRARY = "libc++";
				CLANG_ENABLE_MODULES = YES;
				CLANG_ENABLE_OBJC_ARC = YES;
				CLANG_ENABLE_OBJC_WEAK = YES;
				CLANG_WARN_BLOCK_CAPTURE_AUTORELEASING = YES;
				CLANG_WARN_BOOL_CONVERSION = YES;
				CLANG_WARN_COMMA = YES;
				CLANG_WARN_CONSTANT_CONVERSION = YES;
				CLANG_WARN_DEPRECATED_OBJC_IMPLEMENTATIONS = YES;
				CLANG_WARN_DIRECT_OBJC_ISA_USAGE = YES_ERROR;
				CLANG_WARN_DOCUMENTATION_COMMENTS = YES;
				CLANG_WARN_EMPTY_BODY = YES;
				CLANG_WARN_ENUM_CONVERSION = YES;
				CLANG_WARN_INFINITE_RECURSION = YES;
				CLANG_WARN_INT_CONVERSION = YES;
				CLANG_WARN_NON_LITERAL_NULL_CONVERSION = YES;
				CLANG_WARN_OBJC_IMPLICIT_RETAIN_SELF = YES;
				CLANG_WARN_OBJC_LITERAL_CONVERSION = YES;
				CLANG_WARN_OBJC_ROOT_CLASS = YES_ERROR;
				CLANG_WARN_RANGE_LOOP_ANALYSIS = YES;
				CLANG_WARN_STRICT_PROTOTYPES = YES;
				CLANG_WARN_SUSPICIOUS_MOVE = YES;
				CLANG_WARN_UNGUARDED_AVAILABILITY = YES_AGGRESSIVE;
				CLANG_WARN_UNREACHABLE_CODE = YES;
				CLANG_WARN__DUPLICATE_METHOD_MATCH = YES;
				CODE_SIGN_IDENTITY = "iPhone Developer";
				COPY_PHASE_STRIP = NO;
				DEBUG_INFORMATION_FORMAT = "dwarf-with-dsym";
				ENABLE_NS_ASSERTIONS = NO;
				ENABLE_STRICT_OBJC_MSGSEND = YES;
				GCC_C_LANGUAGE_STANDARD = gnu11;
				GCC_NO_COMMON_BLOCKS = YES;
				GCC_WARN_64_TO_32_BIT_CONVERSION = YES;
				GCC_WARN_ABOUT_RETURN_TYPE = YES_ERROR;
				GCC_WARN_UNDECLARED_SELECTOR = YES;
				GCC_WARN_UNINITIALIZED_AUTOS = YES_AGGRESSIVE;
				GCC_WARN_UNUSED_FUNCTION = YES;
				GCC_WARN_UNUSED_VARIABLE = YES;
				IPHONEOS_DEPLOYMENT_TARGET = 12.1;
				MTL_ENABLE_DEBUG_INFO = NO;
				MTL_FAST_MATH = YES;
				SDKROOT = iphoneos;
				SWIFT_COMPILATION_MODE = wholemodule;
				SWIFT_OPTIMIZATION_LEVEL = "-O";
				VALIDATE_PRODUCT = YES;
			};
			name = Release;
		};
		54745A4B2219907300919750 /* Debug */ = {
			isa = XCBuildConfiguration;
			buildSettings = {
				ASSETCATALOG_COMPILER_APPICON_NAME = AppIcon;
				CODE_SIGN_STYLE = Automatic;
				DEVELOPMENT_TEAM = PZQNNP7TD4;
				INFOPLIST_FILE = Algorithms/Info.plist;
				LD_RUNPATH_SEARCH_PATHS = (
					"$(inherited)",
					"@executable_path/Frameworks",
				);
				PRODUCT_BUNDLE_IDENTIFIER = com.maciejkowalski.Algorithms;
				PRODUCT_NAME = "$(TARGET_NAME)";
				SWIFT_VERSION = 4.2;
				TARGETED_DEVICE_FAMILY = "1,2";
			};
			name = Debug;
		};
		54745A4C2219907300919750 /* Release */ = {
			isa = XCBuildConfiguration;
			buildSettings = {
				ASSETCATALOG_COMPILER_APPICON_NAME = AppIcon;
				CODE_SIGN_STYLE = Automatic;
				DEVELOPMENT_TEAM = PZQNNP7TD4;
				INFOPLIST_FILE = Algorithms/Info.plist;
				LD_RUNPATH_SEARCH_PATHS = (
					"$(inherited)",
					"@executable_path/Frameworks",
				);
				PRODUCT_BUNDLE_IDENTIFIER = com.maciejkowalski.Algorithms;
				PRODUCT_NAME = "$(TARGET_NAME)";
				SWIFT_VERSION = 4.2;
				TARGETED_DEVICE_FAMILY = "1,2";
			};
			name = Release;
		};
/* End XCBuildConfiguration section */

/* Begin XCConfigurationList section */
		54745A332219906C00919750 /* Build configuration list for PBXProject "Algorithms" */ = {
			isa = XCConfigurationList;
			buildConfigurations = (
				54745A482219907300919750 /* Debug */,
				54745A492219907300919750 /* Release */,
			);
			defaultConfigurationIsVisible = 0;
			defaultConfigurationName = Release;
		};
		54745A4A2219907300919750 /* Build configuration list for PBXNativeTarget "Algorithms" */ = {
			isa = XCConfigurationList;
			buildConfigurations = (
				54745A4B2219907300919750 /* Debug */,
				54745A4C2219907300919750 /* Release */,
			);
			defaultConfigurationIsVisible = 0;
			defaultConfigurationName = Release;
		};
/* End XCConfigurationList section */
	};
	rootObject = 54745A302219906C00919750 /* Project object */;
}
